<?xml version="1.0" encoding="UTF-8" standalone="yes" ?>
<CodeBlocks_project_file>
	<FileVersion major="1" minor="6" />
	<Project>
		<Option title="cheemsv1" />
		<Option pch_mode="2" />
		<Option compiler="gcc" />
		<Build>
			<Target title="Debug">
				<Option output="bin/Debug/cheemsv1" prefix_auto="1" extension_auto="1" />
				<Option object_output="obj/Debug/" />
				<Option type="1" />
				<Option compiler="gcc" />
				<Compiler>
					<Add option="-g" />
				</Compiler>
			</Target>
			<Target title="Release">
				<Option output="bin/Release/cheemsv1" prefix_auto="1" extension_auto="1" />
				<Option object_output="obj/Release/" />
				<Option type="1" />
				<Option compiler="gcc" />
				<Compiler>
					<Add option="-O2" />
				</Compiler>
				<Linker>
					<Add option="-s" />
				</Linker>
			</Target>
		</Build>
		<Compiler>
			<Add option="-Wall" />
			<Add option="-fexceptions" />
		</Compiler>
		<Unit filename="cliente.h" />
		<Unit filename="comprascliente.h" />
		<Unit filename="crud.h" />
		<Unit filename="factura.h" />
		<Unit filename="facturacion.h" />
		<Unit filename="ios.h" />
		<Unit filename="login.h" />
		<Unit filename="main.cpp" />
		<Unit filename="menu.h" />
		<Unit filename="persona.h" />
		<Unit filename="producto.h" />
		<Unit filename="usuarios.h" />
		<Unit filename="utilities.h" />
		<Unit filename="validations.h" />
		<Extensions>
			<lib_finder disable_auto="1" />
		</Extensions>
	</Project>
</CodeBlocks_project_file>
